{
  "name": "eslint-config-crypho",
  "version": "1.0.0",
  "lockfileVersion": 1,
  "requires": true,
  "dependencies": {
    "clean-regexp": {
      "version": "1.0.0",
      "resolved": "https://registry.npmjs.org/clean-regexp/-/clean-regexp-1.0.0.tgz",
      "integrity": "sha1-jffHquUf02h06PjQW5GAvBGj/tc=",
      "dev": true,
      "requires": {
        "escape-string-regexp": "^1.0.5"
      }
    },
    "escape-string-regexp": {
      "version": "1.0.5",
      "resolved": "https://registry.npmjs.org/escape-string-regexp/-/escape-string-regexp-1.0.5.tgz",
      "integrity": "sha1-G2HAViGQqN/2rjuyzwIAyhMLhtQ=",
      "dev": true
    },
    "eslint-ast-utils": {
      "version": "1.1.0",
      "resolved": "https://registry.npmjs.org/eslint-ast-utils/-/eslint-ast-utils-1.1.0.tgz",
      "integrity": "sha512-otzzTim2/1+lVrlH19EfQQJEhVJSu0zOb9ygb3iapN6UlyaDtyRq4b5U1FuW0v1lRa9Fp/GJyHkSwm6NqABgCA==",
      "dev": true,
      "requires": {
        "lodash.get": "^4.4.2",
        "lodash.zip": "^4.2.0"
      }
    },
    "eslint-config-prettier": {
      "version": "4.3.0",
      "resolved": "https://registry.npmjs.org/eslint-config-prettier/-/eslint-config-prettier-4.3.0.tgz",
      "integrity": "sha512-sZwhSTHVVz78+kYD3t5pCWSYEdVSBR0PXnwjDRsUs8ytIrK8PLXw+6FKp8r3Z7rx4ZszdetWlXYKOHoUrrwPlA==",
      "dev": true,
      "requires": {
        "get-stdin": "^6.0.0"
      }
    },
    "eslint-plugin-promise": {
      "version": "4.1.1",
      "resolved": "https://registry.npmjs.org/eslint-plugin-promise/-/eslint-plugin-promise-4.1.1.tgz",
      "integrity": "sha512-faAHw7uzlNPy7b45J1guyjazw28M+7gJokKUjC5JSFoYfUEyy6Gw/i7YQvmv2Yk00sUjWcmzXQLpU1Ki/C2IZQ==",
      "dev": true
    },
    "eslint-plugin-unicorn": {
      "version": "9.1.0",
      "resolved": "https://registry.npmjs.org/eslint-plugin-unicorn/-/eslint-plugin-unicorn-9.1.0.tgz",
      "integrity": "sha512-OknjtY1daSxHd60KsXBxP9d2LExA3JZ2XuPOtqSZbLjwGaKjZXYMCaPI2xg70Qc791rXoi0pW4UEzVCnwlRi+Q==",
      "dev": true,
      "requires": {
        "clean-regexp": "^1.0.0",
        "eslint-ast-utils": "^1.0.0",
        "import-modules": "^1.1.0",
        "lodash.camelcase": "^4.1.1",
        "lodash.defaultsdeep": "^4.6.0",
        "lodash.kebabcase": "^4.0.1",
        "lodash.snakecase": "^4.0.1",
        "lodash.topairs": "^4.3.0",
        "lodash.upperfirst": "^4.2.0",
        "regexpp": "^2.0.1",
        "reserved-words": "^0.1.2",
        "safe-regex": "^2.0.1"
      }
    },
    "get-stdin": {
      "version": "6.0.0",
      "resolved": "https://registry.npmjs.org/get-stdin/-/get-stdin-6.0.0.tgz",
      "integrity": "sha512-jp4tHawyV7+fkkSKyvjuLZswblUtz+SQKzSWnBbii16BuZksJlU1wuBYXY75r+duh/llF1ur6oNwi+2ZzjKZ7g==",
      "dev": true
    },
    "import-modules": {
      "version": "1.1.0",
      "resolved": "https://registry.npmjs.org/import-modules/-/import-modules-1.1.0.tgz",
      "integrity": "sha1-dI23nFzEK7lwHvq0JPiU5yYA6dw=",
      "dev": true
    },
    "lodash.camelcase": {
      "version": "4.3.0",
      "resolved": "https://registry.npmjs.org/lodash.camelcase/-/lodash.camelcase-4.3.0.tgz",
      "integrity": "sha1-soqmKIorn8ZRA1x3EfZathkDMaY=",
      "dev": true
    },
    "lodash.defaultsdeep": {
      "version": "4.6.0",
      "resolved": "https://registry.npmjs.org/lodash.defaultsdeep/-/lodash.defaultsdeep-4.6.0.tgz",
      "integrity": "sha1-vsECT4WxvZbL6kBbI8FK1kQ6b4E=",
      "dev": true
    },
    "lodash.get": {
      "version": "4.4.2",
      "resolved": "https://registry.npmjs.org/lodash.get/-/lodash.get-4.4.2.tgz",
      "integrity": "sha1-LRd/ZS+jHpObRDjVNBSZ36OCXpk=",
      "dev": true
    },
    "lodash.kebabcase": {
      "version": "4.1.1",
      "resolved": "https://registry.npmjs.org/lodash.kebabcase/-/lodash.kebabcase-4.1.1.tgz",
      "integrity": "sha1-hImxyw0p/4gZXM7KRI/21swpXDY=",
      "dev": true
    },
    "lodash.snakecase": {
      "version": "4.1.1",
      "resolved": "https://registry.npmjs.org/lodash.snakecase/-/lodash.snakecase-4.1.1.tgz",
      "integrity": "sha1-OdcUo1NXFHg3rv1ktdy7Fr7Nj40=",
      "dev": true
    },
    "lodash.topairs": {
      "version": "4.3.0",
      "resolved": "https://registry.npmjs.org/lodash.topairs/-/lodash.topairs-4.3.0.tgz",
      "integrity": "sha1-O23qo31g+xFnE8RsXxfqGQ7EjWQ=",
      "dev": true
    },
    "lodash.upperfirst": {
      "version": "4.3.1",
      "resolved": "https://registry.npmjs.org/lodash.upperfirst/-/lodash.upperfirst-4.3.1.tgz",
      "integrity": "sha1-E2Xt9DFIBIHvDRxolXpe2Z1J984=",
      "dev": true
    },
    "lodash.zip": {
      "version": "4.2.0",
      "resolved": "https://registry.npmjs.org/lodash.zip/-/lodash.zip-4.2.0.tgz",
      "integrity": "sha1-7GZi5IlkCO1KtsVCo5kLcswIACA=",
      "dev": true
    },
    "regexp-tree": {
      "version": "0.1.10",
      "resolved": "https://registry.npmjs.org/regexp-tree/-/regexp-tree-0.1.10.tgz",
      "integrity": "sha512-K1qVSbcedffwuIslMwpe6vGlj+ZXRnGkvjAtFHfDZZZuEdA/h0dxljAPu9vhUo6Rrx2U2AwJ+nSQ6hK+lrP5MQ==",
      "dev": true
    },
    "regexpp": {
      "version": "2.0.1",
      "resolved": "https://registry.npmjs.org/regexpp/-/regexpp-2.0.1.tgz",
      "integrity": "sha512-lv0M6+TkDVniA3aD1Eg0DVpfU/booSu7Eev3TDO/mZKHBfVjgCGTV4t4buppESEYDtkArYFOxTJWv6S5C+iaNw==",
      "dev": true
    },
    "reserved-words": {
      "version": "0.1.2",
      "resolved": "https://registry.npmjs.org/reserved-words/-/reserved-words-0.1.2.tgz",
      "integrity": "sha1-AKCUD5jNUBrqqsMWQR2a3FKzGrE=",
      "dev": true
    },
    "safe-regex": {
      "version": "2.0.2",
      "resolved": "https://registry.npmjs.org/safe-regex/-/safe-regex-2.0.2.tgz",
      "integrity": "sha512-rRALJT0mh4qVFIJ9HvfjKDN77F9vp7kltOpFFI/8e6oKyHFmmxz4aSkY/YVauRDe7U0RrHdw9Lsxdel3E19s0A==",
      "dev": true,
      "requires": {
        "regexp-tree": "~0.1.1"
      }
    }
  }
}
